
Microsoft Visual Studio Solution File, Format Version 12.00
# Visual Studio Version 17
VisualStudioVersion = 17.14.37012.4 d17.14
MinimumVisualStudioVersion = 10.0.40219.1
Project("{FAE04EC0-301F-11D3-BF4B-00C04F79EFBC}") = "TiaLocalBridge", "TiaLocalBridge.csproj", "{EC27457A-3F52-41B9-8837-5A6E606B0336}"
EndProject
Global
	GlobalSection(SolutionConfigurationPlatforms) = preSolution
		Debug|Any CPU = Debug|Any CPU
		Release|Any CPU = Release|Any CPU
	EndGlobalSection
	GlobalSection(ProjectConfigurationPlatforms) = postSolution
		{EC27457A-3F52-41B9-8837-5A6E606B0336}.Debug|Any CPU.ActiveCfg = Debug|Any CPU
		{EC27457A-3F52-41B9-8837-5A6E606B0336}.Debug|Any CPU.Build.0 = Debug|Any CPU
		{EC27457A-3F52-41B9-8837-5A6E606B0336}.Release|Any CPU.ActiveCfg = Release|Any CPU
		{EC27457A-3F52-41B9-8837-5A6E606B0336}.Release|Any CPU.Build.0 = Release|Any CPU
	EndGlobalSection
	GlobalSection(SolutionProperties) = preSolution
		HideSolutionNode = FALSE
	EndGlobalSection
	GlobalSection(ExtensibilityGlobals) = postSolution
		SolutionGuid = {FF52C258-76A8-4C5D-8859-15FE4275ED4B}
	EndGlobalSection
EndGlobal
